# The library commit whose memvara/skills/memvara/ tree this plugin vendors.
# CI diffs plugin/skills/memory against that SHA, allowing exactly one edit: the
# frontmatter name, which becomes 'memory' so the skill reads /memvara:memory.
# skill-sync.yml updates this file when it opens a PR.
repo=memvara/memvara
sha=b8f5f3bb7de9205d1fb35004b59deed1d0fa03d1
path=memvara/skills/memvara
