# The library commit whose memvara/skills/memvara/ tree this plugin vendors.
# CI diffs plugin/skills/memory against that SHA, allowing exactly one edit: the
# frontmatter name, which becomes 'memory' so the skill reads /memvara:memory.
# skill-sync.yml updates this file when it opens a PR.
repo=memvara/memvara
sha=2b2c0882a138ec77bb9a3e1cf9f19b18f12cf932
path=memvara/skills/memvara
