# The library commit whose memvara/skills/memvara/ tree this plugin vendors.
# CI diffs plugin/skills/memory against that SHA, allowing exactly one edit: the
# frontmatter name, which becomes 'memory' so the skill reads /memvara:memory.
# skill-sync.yml updates this file when it opens a PR.
repo=memvara/memvara
sha=2e0f49a9843e1d4077b34f3e5b1a8406d11e8103
path=memvara/skills/memvara
